{
  "name": "book-study",
  "lockfileVersion": 2,
  "requires": true,
  "packages": {
    "": {
      "dependencies": {
        "scripture-api": "^1.0.3"
      }
    },
    "node_modules/scripture-api": {
      "version": "1.0.3",
      "resolved": "https://registry.npmjs.org/scripture-api/-/scripture-api-1.0.3.tgz",
      "integrity": "sha512-3yKYFVK4HY7sqI7/h8TsGdGLlA8P///cZrVjpB354DWMtPABmZizIp1vdAC7t+oM39SFWCIzejy5RP1zU3jr9w=="
    }
  },
  "dependencies": {
    "scripture-api": {
      "version": "1.0.3",
      "resolved": "https://registry.npmjs.org/scripture-api/-/scripture-api-1.0.3.tgz",
      "integrity": "sha512-3yKYFVK4HY7sqI7/h8TsGdGLlA8P///cZrVjpB354DWMtPABmZizIp1vdAC7t+oM39SFWCIzejy5RP1zU3jr9w=="
    }
  }
}
